
Microsoft Visual Studio Solution File, Format Version 12.00
# Visual Studio 14
VisualStudioVersion = 14.0.23107.0
MinimumVisualStudioVersion = 10.0.40219.1
Project("{FAE04EC0-301F-11D3-BF4B-00C04F79EFBC}") = "MVCNotes", "MVCNotes\MVCNotes.csproj", "{A8C634DA-B5B9-45F5-8AF2-846C229235D4}"
EndProject
Project("{FAE04EC0-301F-11D3-BF4B-00C04F79EFBC}") = "MVCNotes.Tests", "MVCNotes.Tests\MVCNotes.Tests.csproj", "{C435806B-7A3C-4144-9554-5B946EC79FC8}"
EndProject
Global
	GlobalSection(SolutionConfigurationPlatforms) = preSolution
		Debug|Any CPU = Debug|Any CPU
		Release|Any CPU = Release|Any CPU
	EndGlobalSection
	GlobalSection(ProjectConfigurationPlatforms) = postSolution
		{A8C634DA-B5B9-45F5-8AF2-846C229235D4}.Debug|Any CPU.ActiveCfg = Debug|Any CPU
		{A8C634DA-B5B9-45F5-8AF2-846C229235D4}.Debug|Any CPU.Build.0 = Debug|Any CPU
		{A8C634DA-B5B9-45F5-8AF2-846C229235D4}.Release|Any CPU.ActiveCfg = Release|Any CPU
		{A8C634DA-B5B9-45F5-8AF2-846C229235D4}.Release|Any CPU.Build.0 = Release|Any CPU
		{C435806B-7A3C-4144-9554-5B946EC79FC8}.Debug|Any CPU.ActiveCfg = Debug|Any CPU
		{C435806B-7A3C-4144-9554-5B946EC79FC8}.Debug|Any CPU.Build.0 = Debug|Any CPU
		{C435806B-7A3C-4144-9554-5B946EC79FC8}.Release|Any CPU.ActiveCfg = Release|Any CPU
		{C435806B-7A3C-4144-9554-5B946EC79FC8}.Release|Any CPU.Build.0 = Release|Any CPU
	EndGlobalSection
	GlobalSection(SolutionProperties) = preSolution
		HideSolutionNode = FALSE
	EndGlobalSection
EndGlobal
